
Microsoft Visual Studio Solution File, Format Version 12.00
# Visual Studio 15
VisualStudioVersion = 15.0.27428.2002
MinimumVisualStudioVersion = 10.0.40219.1
Project("{FAE04EC0-301F-11D3-BF4B-00C04F79EFBC}") = "EJ24", "EJ24.csproj", "{AD2D4C08-04CD-4C89-B258-9325E3207162}"
EndProject
Global
	GlobalSection(SolutionConfigurationPlatforms) = preSolution
		Debug|Any CPU = Debug|Any CPU
		Release|Any CPU = Release|Any CPU
	EndGlobalSection
	GlobalSection(ProjectConfigurationPlatforms) = postSolution
		{AD2D4C08-04CD-4C89-B258-9325E3207162}.Debug|Any CPU.ActiveCfg = Debug|Any CPU
		{AD2D4C08-04CD-4C89-B258-9325E3207162}.Debug|Any CPU.Build.0 = Debug|Any CPU
		{AD2D4C08-04CD-4C89-B258-9325E3207162}.Release|Any CPU.ActiveCfg = Release|Any CPU
		{AD2D4C08-04CD-4C89-B258-9325E3207162}.Release|Any CPU.Build.0 = Release|Any CPU
	EndGlobalSection
	GlobalSection(SolutionProperties) = preSolution
		HideSolutionNode = FALSE
	EndGlobalSection
	GlobalSection(ExtensibilityGlobals) = postSolution
		SolutionGuid = {BDFF0EA1-BDE7-4186-8E2C-16C2357BA9A0}
	EndGlobalSection
EndGlobal
